
Microsoft Visual Studio Solution File, Format Version 12.00
# Visual Studio Version 17
VisualStudioVersion = 17.4.33213.308
MinimumVisualStudioVersion = 10.0.40219.1
Project("{9A19103F-16F7-4668-BE54-9A1E7A4F7556}") = "LogDataApplication", "LogDataApplication.csproj", "{4FE21C8E-6367-46CC-8E81-280C3C3CE89A}"
EndProject
Global
	GlobalSection(SolutionConfigurationPlatforms) = preSolution
		Debug|Any CPU = Debug|Any CPU
		Release|Any CPU = Release|Any CPU
	EndGlobalSection
	GlobalSection(ProjectConfigurationPlatforms) = postSolution
		{4FE21C8E-6367-46CC-8E81-280C3C3CE89A}.Debug|Any CPU.ActiveCfg = Debug|Any CPU
		{4FE21C8E-6367-46CC-8E81-280C3C3CE89A}.Debug|Any CPU.Build.0 = Debug|Any CPU
		{4FE21C8E-6367-46CC-8E81-280C3C3CE89A}.Release|Any CPU.ActiveCfg = Release|Any CPU
		{4FE21C8E-6367-46CC-8E81-280C3C3CE89A}.Release|Any CPU.Build.0 = Release|Any CPU
	EndGlobalSection
	GlobalSection(SolutionProperties) = preSolution
		HideSolutionNode = FALSE
	EndGlobalSection
	GlobalSection(ExtensibilityGlobals) = postSolution
		SolutionGuid = {62434AB0-6B8B-4C03-88DF-7E8AB9622B2E}
	EndGlobalSection
EndGlobal
